
Microsoft Visual Studio Solution File, Format Version 12.00
# Visual Studio Version 17
VisualStudioVersion = 17.14.36414.22
MinimumVisualStudioVersion = 10.0.40219.1
Project("{FAE04EC0-301F-11D3-BF4B-00C04F79EFBC}") = "EmployeeNotifier", "EmployeeNotifier\EmployeeNotifier.csproj", "{67FC2390-B473-40CD-82D0-3F72BC42FFE3}"
EndProject
Project("{2150E333-8FDC-42A3-9474-1A3956D46DE8}") = "Presentation", "Presentation", "{02EA681E-C7D8-13C7-8484-4AC65E1B71E8}"
EndProject
Project("{2150E333-8FDC-42A3-9474-1A3956D46DE8}") = "Containerization", "Containerization", "{E6D1E0E7-AFCA-482D-92A4-DB0DAE2E9F97}"
EndProject
Project("{E53339B2-1760-4266-BCC7-CA923CBCF16C}") = "docker-compose", "docker-compose.dcproj", "{81DDED9D-158B-E303-5F62-77A2896D2A5A}"
EndProject
Project("{2150E333-8FDC-42A3-9474-1A3956D46DE8}") = "Dapr", "Dapr", "{B7413A52-C6FE-4E00-BBA2-FE651EDAED35}"
	ProjectSection(SolutionItems) = preProject
		notifier-pubsub.yaml = notifier-pubsub.yaml
	EndProjectSection
EndProject
Global
	GlobalSection(SolutionConfigurationPlatforms) = preSolution
		Debug|Any CPU = Debug|Any CPU
		Release|Any CPU = Release|Any CPU
	EndGlobalSection
	GlobalSection(ProjectConfigurationPlatforms) = postSolution
		{67FC2390-B473-40CD-82D0-3F72BC42FFE3}.Debug|Any CPU.ActiveCfg = Debug|Any CPU
		{67FC2390-B473-40CD-82D0-3F72BC42FFE3}.Debug|Any CPU.Build.0 = Debug|Any CPU
		{67FC2390-B473-40CD-82D0-3F72BC42FFE3}.Release|Any CPU.ActiveCfg = Release|Any CPU
		{67FC2390-B473-40CD-82D0-3F72BC42FFE3}.Release|Any CPU.Build.0 = Release|Any CPU
		{81DDED9D-158B-E303-5F62-77A2896D2A5A}.Debug|Any CPU.ActiveCfg = Debug|Any CPU
		{81DDED9D-158B-E303-5F62-77A2896D2A5A}.Debug|Any CPU.Build.0 = Debug|Any CPU
		{81DDED9D-158B-E303-5F62-77A2896D2A5A}.Release|Any CPU.ActiveCfg = Release|Any CPU
		{81DDED9D-158B-E303-5F62-77A2896D2A5A}.Release|Any CPU.Build.0 = Release|Any CPU
	EndGlobalSection
	GlobalSection(SolutionProperties) = preSolution
		HideSolutionNode = FALSE
	EndGlobalSection
	GlobalSection(NestedProjects) = preSolution
		{67FC2390-B473-40CD-82D0-3F72BC42FFE3} = {02EA681E-C7D8-13C7-8484-4AC65E1B71E8}
		{81DDED9D-158B-E303-5F62-77A2896D2A5A} = {E6D1E0E7-AFCA-482D-92A4-DB0DAE2E9F97}
	EndGlobalSection
	GlobalSection(ExtensibilityGlobals) = postSolution
		SolutionGuid = {09E5E17F-97B3-449E-936B-35DEE8331985}
	EndGlobalSection
EndGlobal
